
Microsoft Visual Studio Solution File, Format Version 10.00
# Visual Studio 2008
Project("{FAE04EC0-301F-11D3-BF4B-00C04F79EFBC}") = "Apollo.AIM.SNAP.Web", "src\web\SNAP\Apollo.AIM.SNAP.Web.csproj", "{5AB65A15-CF1E-40AE-B0B7-6000B447EA8C}"
EndProject
Project("{FAE04EC0-301F-11D3-BF4B-00C04F79EFBC}") = "Apollo.AIM.SNAP.CA", "src\shared\CA\Apollo.AIM.SNAP.CA\Apollo.AIM.SNAP.CA.csproj", "{6F4A3CB1-6A8B-4B22-8E23-695E359962BB}"
EndProject
Project("{FAE04EC0-301F-11D3-BF4B-00C04F79EFBC}") = "Apollo.AIM.SNAP", "src\lib\Apollo.AIM.SNAP\Apollo.AIM.SNAP.csproj", "{A6931297-7CC1-4554-84A4-898009598139}"
EndProject
Project("{FAE04EC0-301F-11D3-BF4B-00C04F79EFBC}") = "Apollo.AIM.SNAP.Test", "src\test\unit\lib\Apollo.AIM.SNAP.Test\Apollo.AIM.SNAP.Test.csproj", "{7F2F8A86-B2AA-4B21-BCED-B368A05E4A60}"
EndProject
Project("{FAE04EC0-301F-11D3-BF4B-00C04F79EFBC}") = "Apollo.AIM.SNAP.Process", "src\lib\Apollo.AIM.SNAP.Process\Apollo.AIM.SNAP.Process.csproj", "{26A8AE56-B19F-4D42-8A7F-2E629A0101AF}"
EndProject
Global
	GlobalSection(SolutionConfigurationPlatforms) = preSolution
		Debug|Any CPU = Debug|Any CPU
		Release|Any CPU = Release|Any CPU
	EndGlobalSection
	GlobalSection(ProjectConfigurationPlatforms) = postSolution
		{5AB65A15-CF1E-40AE-B0B7-6000B447EA8C}.Debug|Any CPU.ActiveCfg = Debug|Any CPU
		{5AB65A15-CF1E-40AE-B0B7-6000B447EA8C}.Debug|Any CPU.Build.0 = Debug|Any CPU
		{5AB65A15-CF1E-40AE-B0B7-6000B447EA8C}.Release|Any CPU.ActiveCfg = Release|Any CPU
		{5AB65A15-CF1E-40AE-B0B7-6000B447EA8C}.Release|Any CPU.Build.0 = Release|Any CPU
		{6F4A3CB1-6A8B-4B22-8E23-695E359962BB}.Debug|Any CPU.ActiveCfg = Debug|Any CPU
		{6F4A3CB1-6A8B-4B22-8E23-695E359962BB}.Debug|Any CPU.Build.0 = Debug|Any CPU
		{6F4A3CB1-6A8B-4B22-8E23-695E359962BB}.Release|Any CPU.ActiveCfg = Release|Any CPU
		{6F4A3CB1-6A8B-4B22-8E23-695E359962BB}.Release|Any CPU.Build.0 = Release|Any CPU
		{A6931297-7CC1-4554-84A4-898009598139}.Debug|Any CPU.ActiveCfg = Debug|Any CPU
		{A6931297-7CC1-4554-84A4-898009598139}.Debug|Any CPU.Build.0 = Debug|Any CPU
		{A6931297-7CC1-4554-84A4-898009598139}.Release|Any CPU.ActiveCfg = Release|Any CPU
		{A6931297-7CC1-4554-84A4-898009598139}.Release|Any CPU.Build.0 = Release|Any CPU
		{7F2F8A86-B2AA-4B21-BCED-B368A05E4A60}.Debug|Any CPU.ActiveCfg = Debug|Any CPU
		{7F2F8A86-B2AA-4B21-BCED-B368A05E4A60}.Debug|Any CPU.Build.0 = Debug|Any CPU
		{7F2F8A86-B2AA-4B21-BCED-B368A05E4A60}.Release|Any CPU.ActiveCfg = Release|Any CPU
		{7F2F8A86-B2AA-4B21-BCED-B368A05E4A60}.Release|Any CPU.Build.0 = Release|Any CPU
		{26A8AE56-B19F-4D42-8A7F-2E629A0101AF}.Debug|Any CPU.ActiveCfg = Debug|Any CPU
		{26A8AE56-B19F-4D42-8A7F-2E629A0101AF}.Debug|Any CPU.Build.0 = Debug|Any CPU
		{26A8AE56-B19F-4D42-8A7F-2E629A0101AF}.Release|Any CPU.ActiveCfg = Release|Any CPU
		{26A8AE56-B19F-4D42-8A7F-2E629A0101AF}.Release|Any CPU.Build.0 = Release|Any CPU
	EndGlobalSection
	GlobalSection(SolutionProperties) = preSolution
		HideSolutionNode = FALSE
	EndGlobalSection
EndGlobal
